
Microsoft Visual Studio Solution File, Format Version 12.00
# Visual Studio Version 16
VisualStudioVersion = 16.0.29409.12
MinimumVisualStudioVersion = 10.0.40219.1
Project("{9A19103F-16F7-4668-BE54-9A1E7A4F7556}") = "AEEFCore3.Data", "AEEFCore3.Data\AEEFCore3.Data.csproj", "{D0CF9226-A81F-4C1F-A44B-CDAF37198304}"
EndProject
Project("{9A19103F-16F7-4668-BE54-9A1E7A4F7556}") = "AEEFCore3.Web", "AEEFCore3.Web\AEEFCore3.Web.csproj", "{7C510ACC-8A70-483F-BC19-82EFB29340A6}"
EndProject
Project("{2150E333-8FDC-42A3-9474-1A3956D46DE8}") = "DbScript", "DbScript", "{50F36F04-BEF5-4979-91CE-282FF2F02087}"
	ProjectSection(SolutionItems) = preProject
		..\..\..\..\..\Desktop\DBA\AE\CustomerDb.sql = ..\..\..\..\..\Desktop\DBA\AE\CustomerDb.sql
	EndProjectSection
EndProject
Global
	GlobalSection(SolutionConfigurationPlatforms) = preSolution
		Debug|Any CPU = Debug|Any CPU
		Release|Any CPU = Release|Any CPU
	EndGlobalSection
	GlobalSection(ProjectConfigurationPlatforms) = postSolution
		{D0CF9226-A81F-4C1F-A44B-CDAF37198304}.Debug|Any CPU.ActiveCfg = Debug|Any CPU
		{D0CF9226-A81F-4C1F-A44B-CDAF37198304}.Debug|Any CPU.Build.0 = Debug|Any CPU
		{D0CF9226-A81F-4C1F-A44B-CDAF37198304}.Release|Any CPU.ActiveCfg = Release|Any CPU
		{D0CF9226-A81F-4C1F-A44B-CDAF37198304}.Release|Any CPU.Build.0 = Release|Any CPU
		{7C510ACC-8A70-483F-BC19-82EFB29340A6}.Debug|Any CPU.ActiveCfg = Debug|Any CPU
		{7C510ACC-8A70-483F-BC19-82EFB29340A6}.Debug|Any CPU.Build.0 = Debug|Any CPU
		{7C510ACC-8A70-483F-BC19-82EFB29340A6}.Release|Any CPU.ActiveCfg = Release|Any CPU
		{7C510ACC-8A70-483F-BC19-82EFB29340A6}.Release|Any CPU.Build.0 = Release|Any CPU
	EndGlobalSection
	GlobalSection(SolutionProperties) = preSolution
		HideSolutionNode = FALSE
	EndGlobalSection
	GlobalSection(ExtensibilityGlobals) = postSolution
		SolutionGuid = {0D1D4D55-6101-4D06-8DEB-8F08CD0197C7}
	EndGlobalSection
EndGlobal
